
Microsoft Visual Studio Solution File, Format Version 12.00
# Visual Studio Version 16
VisualStudioVersion = 16.0.30717.126
MinimumVisualStudioVersion = 10.0.40219.1
Project("{FAE04EC0-301F-11D3-BF4B-00C04F79EFBC}") = "SFTA", "SFTA\SFTA.csproj", "{3B7FB2EC-1386-4DCD-AD62-18CB57C17A85}"
EndProject
Global
	GlobalSection(SolutionConfigurationPlatforms) = preSolution
		Debug|Any CPU = Debug|Any CPU
		Release|Any CPU = Release|Any CPU
	EndGlobalSection
	GlobalSection(ProjectConfigurationPlatforms) = postSolution
		{3B7FB2EC-1386-4DCD-AD62-18CB57C17A85}.Debug|Any CPU.ActiveCfg = Debug|Any CPU
		{3B7FB2EC-1386-4DCD-AD62-18CB57C17A85}.Debug|Any CPU.Build.0 = Debug|Any CPU
		{3B7FB2EC-1386-4DCD-AD62-18CB57C17A85}.Release|Any CPU.ActiveCfg = Release|Any CPU
		{3B7FB2EC-1386-4DCD-AD62-18CB57C17A85}.Release|Any CPU.Build.0 = Release|Any CPU
	EndGlobalSection
	GlobalSection(SolutionProperties) = preSolution
		HideSolutionNode = FALSE
	EndGlobalSection
	GlobalSection(ExtensibilityGlobals) = postSolution
		SolutionGuid = {2DD1A31F-95BB-4C8E-BA6E-D7FB005A9DA6}
	EndGlobalSection
EndGlobal
